
Microsoft Visual Studio Solution File, Format Version 12.00
# Visual Studio Version 17
VisualStudioVersion = 17.8.34408.163
MinimumVisualStudioVersion = 10.0.40219.1
Project("{9A19103F-16F7-4668-BE54-9A1E7A4F7556}") = "mathcmd", "mathcmd.csproj", "{94B28C04-E963-4737-9404-7EE3884CBEDB}"
EndProject
Global
	GlobalSection(SolutionConfigurationPlatforms) = preSolution
		Debug|Any CPU = Debug|Any CPU
		Release|Any CPU = Release|Any CPU
	EndGlobalSection
	GlobalSection(ProjectConfigurationPlatforms) = postSolution
		{94B28C04-E963-4737-9404-7EE3884CBEDB}.Debug|Any CPU.ActiveCfg = Debug|Any CPU
		{94B28C04-E963-4737-9404-7EE3884CBEDB}.Debug|Any CPU.Build.0 = Debug|Any CPU
		{94B28C04-E963-4737-9404-7EE3884CBEDB}.Release|Any CPU.ActiveCfg = Release|Any CPU
		{94B28C04-E963-4737-9404-7EE3884CBEDB}.Release|Any CPU.Build.0 = Release|Any CPU
	EndGlobalSection
	GlobalSection(SolutionProperties) = preSolution
		HideSolutionNode = FALSE
	EndGlobalSection
	GlobalSection(ExtensibilityGlobals) = postSolution
		SolutionGuid = {A7FC80F5-C290-4826-8586-4FDBCDDCC6D9}
	EndGlobalSection
EndGlobal
